
Microsoft Visual Studio Solution File, Format Version 12.00
# Visual Studio Version 17
VisualStudioVersion = 17.0.31903.59
MinimumVisualStudioVersion = 10.0.40219.1
Project("{FAE04EC0-301F-11D3-BF4B-00C04F79EFBC}") = "ProjectLearn", "ProjectLearn.csproj", "{E317AD7A-F766-4256-85A6-5485F5A1CD28}"
EndProject
Global
	GlobalSection(SolutionConfigurationPlatforms) = preSolution
		Debug|Any CPU = Debug|Any CPU
		Release|Any CPU = Release|Any CPU
	EndGlobalSection
	GlobalSection(ProjectConfigurationPlatforms) = postSolution
		{E317AD7A-F766-4256-85A6-5485F5A1CD28}.Debug|Any CPU.ActiveCfg = Debug|Any CPU
		{E317AD7A-F766-4256-85A6-5485F5A1CD28}.Debug|Any CPU.Build.0 = Debug|Any CPU
		{E317AD7A-F766-4256-85A6-5485F5A1CD28}.Release|Any CPU.ActiveCfg = Release|Any CPU
		{E317AD7A-F766-4256-85A6-5485F5A1CD28}.Release|Any CPU.Build.0 = Release|Any CPU
	EndGlobalSection
	GlobalSection(SolutionProperties) = preSolution
		HideSolutionNode = FALSE
	EndGlobalSection
	GlobalSection(ExtensibilityGlobals) = postSolution
		SolutionGuid = {9FE8D2DF-DEAD-4B86-B031-A153B876594D}
	EndGlobalSection
EndGlobal
